// !$*UTF8*$!
{
	archiveVersion = 1;
	classes = {
	};
	objectVersion = 50;
	objects = {

/* Begin PBXBuildFile section */
		A1B57E922684862A004096A0 /* AppDelegate.swift in Sources */ = {isa = PBXBuildFile; fileRef = A1B57E912684862A004096A0 /* AppDelegate.swift */; };
		A1B57E942684862A004096A0 /* SceneDelegate.swift in Sources */ = {isa = PBXBuildFile; fileRef = A1B57E932684862A004096A0 /* SceneDelegate.swift */; };
		A1B57E962684862A004096A0 /* ViewController.swift in Sources */ = {isa = PBXBuildFile; fileRef = A1B57E952684862A004096A0 /* ViewController.swift */; };
		A1B57E992684862A004096A0 /* Main.storyboard in Resources */ = {isa = PBXBuildFile; fileRef = A1B57E972684862A004096A0 /* Main.storyboard */; };
		A1B57E9B26848637004096A0 /* Assets.xcassets in Resources */ = {isa = PBXBuildFile; fileRef = A1B57E9A26848637004096A0 /* Assets.xcassets */; };
		A1B57E9E26848637004096A0 /* LaunchScreen.storyboard in Resources */ = {isa = PBXBuildFile; fileRef = A1B57E9C26848637004096A0 /* LaunchScreen.storyboard */; };
		A1B57EA926848638004096A0 /* GBShopTests.swift in Sources */ = {isa = PBXBuildFile; fileRef = A1B57EA826848638004096A0 /* GBShopTests.swift */; };
		A1B57EB426848638004096A0 /* GBShopUITests.swift in Sources */ = {isa = PBXBuildFile; fileRef = A1B57EB326848638004096A0 /* GBShopUITests.swift */; };
/* End PBXBuildFile section */

/* Begin PBXContainerItemProxy section */
		A1B57EA526848638004096A0 /* PBXContainerItemProxy */ = {
			isa = PBXContainerItemProxy;
			containerPortal = A1B57E862684862A004096A0 /* Project object */;
			proxyType = 1;
			remoteGlobalIDString = A1B57E8D2684862A004096A0;
			remoteInfo = GBShop;
		};
		A1B57EB026848638004096A0 /* PBXContainerItemProxy */ = {
			isa = PBXContainerItemProxy;
			containerPortal = A1B57E862684862A004096A0 /* Project object */;
			proxyType = 1;
			remoteGlobalIDString = A1B57E8D2684862A004096A0;
			remoteInfo = GBShop;
		};
/* End PBXContainerItemProxy section */

/* Begin PBXFileReference section */
		A1B57E8E2684862A004096A0 /* GBShop.app */ = {isa = PBXFileReference; explicitFileType = wrapper.application; includeInIndex = 0; path = GBShop.app; sourceTree = BUILT_PRODUCTS_DIR; };
		A1B57E912684862A004096A0 /* AppDelegate.swift */ = {isa = PBXFileReference; lastKnownFileType = sourcecode.swift; path = AppDelegate.swift; sourceTree = "<group>"; };
		A1B57E932684862A004096A0 /* SceneDelegate.swift */ = {isa = PBXFileReference; lastKnownFileType = sourcecode.swift; path = SceneDelegate.swift; sourceTree = "<group>"; };
		A1B57E952684862A004096A0 /* ViewController.swift */ = {isa = PBXFileReference; lastKnownFileType = sourcecode.swift; path = ViewController.swift; sourceTree = "<group>"; };
		A1B57E982684862A004096A0 /* Base */ = {isa = PBXFileReference; lastKnownFileType = file.storyboard; name = Base; path = Base.lproj/Main.storyboard; sourceTree = "<group>"; };
		A1B57E9A26848637004096A0 /* Assets.xcassets */ = {isa = PBXFileReference; lastKnownFileType = folder.assetcatalog; path = Assets.xcassets; sourceTree = "<group>"; };
		A1B57E9D26848637004096A0 /* Base */ = {isa = PBXFileReference; lastKnownFileType = file.storyboard; name = Base; path = Base.lproj/LaunchScreen.storyboard; sourceTree = "<group>"; };
		A1B57E9F26848637004096A0 /* Info.plist */ = {isa = PBXFileReference; lastKnownFileType = text.plist.xml; path = Info.plist; sourceTree = "<group>"; };
		A1B57EA426848637004096A0 /* GBShopTests.xctest */ = {isa = PBXFileReference; explicitFileType = wrapper.cfbundle; includeInIndex = 0; path = GBShopTests.xctest; sourceTree = BUILT_PRODUCTS_DIR; };
		A1B57EA826848638004096A0 /* GBShopTests.swift */ = {isa = PBXFileReference; lastKnownFileType = sourcecode.swift; path = GBShopTests.swift; sourceTree = "<group>"; };
		A1B57EAA26848638004096A0 /* Info.plist */ = {isa = PBXFileReference; lastKnownFileType = text.plist.xml; path = Info.plist; sourceTree = "<group>"; };
		A1B57EAF26848638004096A0 /* GBShopUITests.xctest */ = {isa = PBXFileReference; explicitFileType = wrapper.cfbundle; includeInIndex = 0; path = GBShopUITests.xctest; sourceTree = BUILT_PRODUCTS_DIR; };
		A1B57EB326848638004096A0 /* GBShopUITests.swift */ = {isa = PBXFileReference; lastKnownFileType = sourcecode.swift; path = GBShopUITests.swift; sourceTree = "<group>"; };
		A1B57EB526848638004096A0 /* Info.plist */ = {isa = PBXFileReference; lastKnownFileType = text.plist.xml; path = Info.plist; sourceTree = "<group>"; };
/* End PBXFileReference section */

/* Begin PBXFrameworksBuildPhase section */
		A1B57E8B2684862A004096A0 /* Frameworks */ = {
			isa = PBXFrameworksBuildPhase;
			buildActionMask = 2147483647;
			files = (
			);
			runOnlyForDeploymentPostprocessing = 0;
		};
		A1B57EA126848637004096A0 /* Frameworks */ = {
			isa = PBXFrameworksBuildPhase;
			buildActionMask = 2147483647;
			files = (
			);
			runOnlyForDeploymentPostprocessing = 0;
		};
		A1B57EAC26848638004096A0 /* Frameworks */ = {
			isa = PBXFrameworksBuildPhase;
			buildActionMask = 2147483647;
			files = (
			);
			runOnlyForDeploymentPostprocessing = 0;
		};
/* End PBXFrameworksBuildPhase section */

/* Begin PBXGroup section */
		A1B57E852684862A004096A0 = {
			isa = PBXGroup;
			children = (
				A1B57E902684862A004096A0 /* GBShop */,
				A1B57EA726848638004096A0 /* GBShopTests */,
				A1B57EB226848638004096A0 /* GBShopUITests */,
				A1B57E8F2684862A004096A0 /* Products */,
			);
			sourceTree = "<group>";
		};
		A1B57E8F2684862A004096A0 /* Products */ = {
			isa = PBXGroup;
			children = (
				A1B57E8E2684862A004096A0 /* GBShop.app */,
				A1B57EA426848637004096A0 /* GBShopTests.xctest */,
				A1B57EAF26848638004096A0 /* GBShopUITests.xctest */,
			);
			name = Products;
			sourceTree = "<group>";
		};
		A1B57E902684862A004096A0 /* GBShop */ = {
			isa = PBXGroup;
			children = (
				A1B57EC42684880D004096A0 /* App */,
				A1B57EC926848843004096A0 /* Core */,
				A1B57ECA2684884A004096A0 /* Resources */,
				A1B57ECB26848855004096A0 /* Environments */,
				A1B57E952684862A004096A0 /* ViewController.swift */,
				A1B57E972684862A004096A0 /* Main.storyboard */,
			);
			path = GBShop;
			sourceTree = "<group>";
		};
		A1B57EA726848638004096A0 /* GBShopTests */ = {
			isa = PBXGroup;
			children = (
				A1B57EA826848638004096A0 /* GBShopTests.swift */,
				A1B57EAA26848638004096A0 /* Info.plist */,
			);
			path = GBShopTests;
			sourceTree = "<group>";
		};
		A1B57EB226848638004096A0 /* GBShopUITests */ = {
			isa = PBXGroup;
			children = (
				A1B57EB326848638004096A0 /* GBShopUITests.swift */,
				A1B57EB526848638004096A0 /* Info.plist */,
			);
			path = GBShopUITests;
			sourceTree = "<group>";
		};
		A1B57EC42684880D004096A0 /* App */ = {
			isa = PBXGroup;
			children = (
				A1B57E912684862A004096A0 /* AppDelegate.swift */,
				A1B57E932684862A004096A0 /* SceneDelegate.swift */,
				A1B57EC826848832004096A0 /* BusinessLogic */,
				A1B57EC726848829004096A0 /* Entity */,
				A1B57EC626848820004096A0 /* Assembly */,
				A1B57EC526848818004096A0 /* Flows */,
			);
			path = App;
			sourceTree = "<group>";
		};
		A1B57EC526848818004096A0 /* Flows */ = {
			isa = PBXGroup;
			children = (
			);
			path = Flows;
			sourceTree = "<group>";
		};
		A1B57EC626848820004096A0 /* Assembly */ = {
			isa = PBXGroup;
			children = (
			);
			path = Assembly;
			sourceTree = "<group>";
		};
		A1B57EC726848829004096A0 /* Entity */ = {
			isa = PBXGroup;
			children = (
			);
			path = Entity;
			sourceTree = "<group>";
		};
		A1B57EC826848832004096A0 /* BusinessLogic */ = {
			isa = PBXGroup;
			children = (
			);
			path = BusinessLogic;
			sourceTree = "<group>";
		};
		A1B57EC926848843004096A0 /* Core */ = {
			isa = PBXGroup;
			children = (
			);
			path = Core;
			sourceTree = "<group>";
		};
		A1B57ECA2684884A004096A0 /* Resources */ = {
			isa = PBXGroup;
			children = (
				A1B57E9C26848637004096A0 /* LaunchScreen.storyboard */,
				A1B57E9A26848637004096A0 /* Assets.xcassets */,
			);
			path = Resources;
			sourceTree = "<group>";
		};
		A1B57ECB26848855004096A0 /* Environments */ = {
			isa = PBXGroup;
			children = (
				A1B57E9F26848637004096A0 /* Info.plist */,
			);
			path = Environments;
			sourceTree = "<group>";
		};
/* End PBXGroup section */

/* Begin PBXNativeTarget section */
		A1B57E8D2684862A004096A0 /* GBShop */ = {
			isa = PBXNativeTarget;
			buildConfigurationList = A1B57EB826848638004096A0 /* Build configuration list for PBXNativeTarget "GBShop" */;
			buildPhases = (
				A1B57E8A2684862A004096A0 /* Sources */,
				A1B57E8B2684862A004096A0 /* Frameworks */,
				A1B57E8C2684862A004096A0 /* Resources */,
			);
			buildRules = (
			);
			dependencies = (
			);
			name = GBShop;
			productName = GBShop;
			productReference = A1B57E8E2684862A004096A0 /* GBShop.app */;
			productType = "com.apple.product-type.application";
		};
		A1B57EA326848637004096A0 /* GBShopTests */ = {
			isa = PBXNativeTarget;
			buildConfigurationList = A1B57EBB26848638004096A0 /* Build configuration list for PBXNativeTarget "GBShopTests" */;
			buildPhases = (
				A1B57EA026848637004096A0 /* Sources */,
				A1B57EA126848637004096A0 /* Frameworks */,
				A1B57EA226848637004096A0 /* Resources */,
			);
			buildRules = (
			);
			dependencies = (
				A1B57EA626848638004096A0 /* PBXTargetDependency */,
			);
			name = GBShopTests;
			productName = GBShopTests;
			productReference = A1B57EA426848637004096A0 /* GBShopTests.xctest */;
			productType = "com.apple.product-type.bundle.unit-test";
		};
		A1B57EAE26848638004096A0 /* GBShopUITests */ = {
			isa = PBXNativeTarget;
			buildConfigurationList = A1B57EBE26848638004096A0 /* Build configuration list for PBXNativeTarget "GBShopUITests" */;
			buildPhases = (
				A1B57EAB26848638004096A0 /* Sources */,
				A1B57EAC26848638004096A0 /* Frameworks */,
				A1B57EAD26848638004096A0 /* Resources */,
			);
			buildRules = (
			);
			dependencies = (
				A1B57EB126848638004096A0 /* PBXTargetDependency */,
			);
			name = GBShopUITests;
			productName = GBShopUITests;
			productReference = A1B57EAF26848638004096A0 /* GBShopUITests.xctest */;
			productType = "com.apple.product-type.bundle.ui-testing";
		};
/* End PBXNativeTarget section */

/* Begin PBXProject section */
		A1B57E862684862A004096A0 /* Project object */ = {
			isa = PBXProject;
			attributes = {
				LastSwiftUpdateCheck = 1240;
				LastUpgradeCheck = 1240;
				TargetAttributes = {
					A1B57E8D2684862A004096A0 = {
						CreatedOnToolsVersion = 12.4;
					};
					A1B57EA326848637004096A0 = {
						CreatedOnToolsVersion = 12.4;
						TestTargetID = A1B57E8D2684862A004096A0;
					};
					A1B57EAE26848638004096A0 = {
						CreatedOnToolsVersion = 12.4;
						TestTargetID = A1B57E8D2684862A004096A0;
					};
				};
			};
			buildConfigurationList = A1B57E892684862A004096A0 /* Build configuration list for PBXProject "GBShop" */;
			compatibilityVersion = "Xcode 9.3";
			developmentRegion = en;
			hasScannedForEncodings = 0;
			knownRegions = (
				en,
				Base,
			);
			mainGroup = A1B57E852684862A004096A0;
			productRefGroup = A1B57E8F2684862A004096A0 /* Products */;
			projectDirPath = "";
			projectRoot = "";
			targets = (
				A1B57E8D2684862A004096A0 /* GBShop */,
				A1B57EA326848637004096A0 /* GBShopTests */,
				A1B57EAE26848638004096A0 /* GBShopUITests */,
			);
		};
/* End PBXProject section */

/* Begin PBXResourcesBuildPhase section */
		A1B57E8C2684862A004096A0 /* Resources */ = {
			isa = PBXResourcesBuildPhase;
			buildActionMask = 2147483647;
			files = (
				A1B57E9E26848637004096A0 /* LaunchScreen.storyboard in Resources */,
				A1B57E9B26848637004096A0 /* Assets.xcassets in Resources */,
				A1B57E992684862A004096A0 /* Main.storyboard in Resources */,
			);
			runOnlyForDeploymentPostprocessing = 0;
		};
		A1B57EA226848637004096A0 /* Resources */ = {
			isa = PBXResourcesBuildPhase;
			buildActionMask = 2147483647;
			files = (
			);
			runOnlyForDeploymentPostprocessing = 0;
		};
		A1B57EAD26848638004096A0 /* Resources */ = {
			isa = PBXResourcesBuildPhase;
			buildActionMask = 2147483647;
			files = (
			);
			runOnlyForDeploymentPostprocessing = 0;
		};
/* End PBXResourcesBuildPhase section */

/* Begin PBXSourcesBuildPhase section */
		A1B57E8A2684862A004096A0 /* Sources */ = {
			isa = PBXSourcesBuildPhase;
			buildActionMask = 2147483647;
			files = (
				A1B57E962684862A004096A0 /* ViewController.swift in Sources */,
				A1B57E922684862A004096A0 /* AppDelegate.swift in Sources */,
				A1B57E942684862A004096A0 /* SceneDelegate.swift in Sources */,
			);
			runOnlyForDeploymentPostprocessing = 0;
		};
		A1B57EA026848637004096A0 /* Sources */ = {
			isa = PBXSourcesBuildPhase;
			buildActionMask = 2147483647;
			files = (
				A1B57EA926848638004096A0 /* GBShopTests.swift in Sources */,
			);
			runOnlyForDeploymentPostprocessing = 0;
		};
		A1B57EAB26848638004096A0 /* Sources */ = {
			isa = PBXSourcesBuildPhase;
			buildActionMask = 2147483647;
			files = (
				A1B57EB426848638004096A0 /* GBShopUITests.swift in Sources */,
			);
			runOnlyForDeploymentPostprocessing = 0;
		};
/* End PBXSourcesBuildPhase section */

/* Begin PBXTargetDependency section */
		A1B57EA626848638004096A0 /* PBXTargetDependency */ = {
			isa = PBXTargetDependency;
			target = A1B57E8D2684862A004096A0 /* GBShop */;
			targetProxy = A1B57EA526848638004096A0 /* PBXContainerItemProxy */;
		};
		A1B57EB126848638004096A0 /* PBXTargetDependency */ = {
			isa = PBXTargetDependency;
			target = A1B57E8D2684862A004096A0 /* GBShop */;
			targetProxy = A1B57EB026848638004096A0 /* PBXContainerItemProxy */;
		};
/* End PBXTargetDependency section */

/* Begin PBXVariantGroup section */
		A1B57E972684862A004096A0 /* Main.storyboard */ = {
			isa = PBXVariantGroup;
			children = (
				A1B57E982684862A004096A0 /* Base */,
			);
			name = Main.storyboard;
			sourceTree = "<group>";
		};
		A1B57E9C26848637004096A0 /* LaunchScreen.storyboard */ = {
			isa = PBXVariantGroup;
			children = (
				A1B57E9D26848637004096A0 /* Base */,
			);
			name = LaunchScreen.storyboard;
			sourceTree = "<group>";
		};
/* End PBXVariantGroup section */

/* Begin XCBuildConfiguration section */
		A1B57EB626848638004096A0 /* Debug */ = {
			isa = XCBuildConfiguration;
			buildSettings = {
				ALWAYS_SEARCH_USER_PATHS = NO;
				CLANG_ANALYZER_NONNULL = YES;
				CLANG_ANALYZER_NUMBER_OBJECT_CONVERSION = YES_AGGRESSIVE;
				CLANG_CXX_LANGUAGE_STANDARD = "gnu++14";
				CLANG_CXX_LIBRARY = "libc++";
				CLANG_ENABLE_MODULES = YES;
				CLANG_ENABLE_OBJC_ARC = YES;
				CLANG_ENABLE_OBJC_WEAK = YES;
				CLANG_WARN_BLOCK_CAPTURE_AUTORELEASING = YES;
				CLANG_WARN_BOOL_CONVERSION = YES;
				CLANG_WARN_COMMA = YES;
				CLANG_WARN_CONSTANT_CONVERSION = YES;
				CLANG_WARN_DEPRECATED_OBJC_IMPLEMENTATIONS = YES;
				CLANG_WARN_DIRECT_OBJC_ISA_USAGE = YES_ERROR;
				CLANG_WARN_DOCUMENTATION_COMMENTS = YES;
				CLANG_WARN_EMPTY_BODY = YES;
				CLANG_WARN_ENUM_CONVERSION = YES;
				CLANG_WARN_INFINITE_RECURSION = YES;
				CLANG_WARN_INT_CONVERSION = YES;
				CLANG_WARN_NON_LITERAL_NULL_CONVERSION = YES;
				CLANG_WARN_OBJC_IMPLICIT_RETAIN_SELF = YES;
				CLANG_WARN_OBJC_LITERAL_CONVERSION = YES;
				CLANG_WARN_OBJC_ROOT_CLASS = YES_ERROR;
				CLANG_WARN_QUOTED_INCLUDE_IN_FRAMEWORK_HEADER = YES;
				CLANG_WARN_RANGE_LOOP_ANALYSIS = YES;
				CLANG_WARN_STRICT_PROTOTYPES = YES;
				CLANG_WARN_SUSPICIOUS_MOVE = YES;
				CLANG_WARN_UNGUARDED_AVAILABILITY = YES_AGGRESSIVE;
				CLANG_WARN_UNREACHABLE_CODE = YES;
				CLANG_WARN__DUPLICATE_METHOD_MATCH = YES;
				COPY_PHASE_STRIP = NO;
				DEBUG_INFORMATION_FORMAT = dwarf;
				ENABLE_STRICT_OBJC_MSGSEND = YES;
				ENABLE_TESTABILITY = YES;
				GCC_C_LANGUAGE_STANDARD = gnu11;
				GCC_DYNAMIC_NO_PIC = NO;
				GCC_NO_COMMON_BLOCKS = YES;
				GCC_OPTIMIZATION_LEVEL = 0;
				GCC_PREPROCESSOR_DEFINITIONS = (
					"DEBUG=1",
					"$(inherited)",
				);
				GCC_WARN_64_TO_32_BIT_CONVERSION = YES;
				GCC_WARN_ABOUT_RETURN_TYPE = YES_ERROR;
				GCC_WARN_UNDECLARED_SELECTOR = YES;
				GCC_WARN_UNINITIALIZED_AUTOS = YES_AGGRESSIVE;
				GCC_WARN_UNUSED_FUNCTION = YES;
				GCC_WARN_UNUSED_VARIABLE = YES;
				IPHONEOS_DEPLOYMENT_TARGET = 14.4;
				MTL_ENABLE_DEBUG_INFO = INCLUDE_SOURCE;
				MTL_FAST_MATH = YES;
				ONLY_ACTIVE_ARCH = YES;
				SDKROOT = iphoneos;
				SWIFT_ACTIVE_COMPILATION_CONDITIONS = DEBUG;
				SWIFT_OPTIMIZATION_LEVEL = "-Onone";
			};
			name = Debug;
		};
		A1B57EB726848638004096A0 /* Release */ = {
			isa = XCBuildConfiguration;
			buildSettings = {
				ALWAYS_SEARCH_USER_PATHS = NO;
				CLANG_ANALYZER_NONNULL = YES;
				CLANG_ANALYZER_NUMBER_OBJECT_CONVERSION = YES_AGGRESSIVE;
				CLANG_CXX_LANGUAGE_STANDARD = "gnu++14";
				CLANG_CXX_LIBRARY = "libc++";
				CLANG_ENABLE_MODULES = YES;
				CLANG_ENABLE_OBJC_ARC = YES;
				CLANG_ENABLE_OBJC_WEAK = YES;
				CLANG_WARN_BLOCK_CAPTURE_AUTORELEASING = YES;
				CLANG_WARN_BOOL_CONVERSION = YES;
				CLANG_WARN_COMMA = YES;
				CLANG_WARN_CONSTANT_CONVERSION = YES;
				CLANG_WARN_DEPRECATED_OBJC_IMPLEMENTATIONS = YES;
				CLANG_WARN_DIRECT_OBJC_ISA_USAGE = YES_ERROR;
				CLANG_WARN_DOCUMENTATION_COMMENTS = YES;
				CLANG_WARN_EMPTY_BODY = YES;
				CLANG_WARN_ENUM_CONVERSION = YES;
				CLANG_WARN_INFINITE_RECURSION = YES;
				CLANG_WARN_INT_CONVERSION = YES;
				CLANG_WARN_NON_LITERAL_NULL_CONVERSION = YES;
				CLANG_WARN_OBJC_IMPLICIT_RETAIN_SELF = YES;
				CLANG_WARN_OBJC_LITERAL_CONVERSION = YES;
				CLANG_WARN_OBJC_ROOT_CLASS = YES_ERROR;
				CLANG_WARN_QUOTED_INCLUDE_IN_FRAMEWORK_HEADER = YES;
				CLANG_WARN_RANGE_LOOP_ANALYSIS = YES;
				CLANG_WARN_STRICT_PROTOTYPES = YES;
				CLANG_WARN_SUSPICIOUS_MOVE = YES;
				CLANG_WARN_UNGUARDED_AVAILABILITY = YES_AGGRESSIVE;
				CLANG_WARN_UNREACHABLE_CODE = YES;
				CLANG_WARN__DUPLICATE_METHOD_MATCH = YES;
				COPY_PHASE_STRIP = NO;
				DEBUG_INFORMATION_FORMAT = "dwarf-with-dsym";
				ENABLE_NS_ASSERTIONS = NO;
				ENABLE_STRICT_OBJC_MSGSEND = YES;
				GCC_C_LANGUAGE_STANDARD = gnu11;
				GCC_NO_COMMON_BLOCKS = YES;
				GCC_WARN_64_TO_32_BIT_CONVERSION = YES;
				GCC_WARN_ABOUT_RETURN_TYPE = YES_ERROR;
				GCC_WARN_UNDECLARED_SELECTOR = YES;
				GCC_WARN_UNINITIALIZED_AUTOS = YES_AGGRESSIVE;
				GCC_WARN_UNUSED_FUNCTION = YES;
				GCC_WARN_UNUSED_VARIABLE = YES;
				IPHONEOS_DEPLOYMENT_TARGET = 14.4;
				MTL_ENABLE_DEBUG_INFO = NO;
				MTL_FAST_MATH = YES;
				SDKROOT = iphoneos;
				SWIFT_COMPILATION_MODE = wholemodule;
				SWIFT_OPTIMIZATION_LEVEL = "-O";
				VALIDATE_PRODUCT = YES;
			};
			name = Release;
		};
		A1B57EB926848638004096A0 /* Debug */ = {
			isa = XCBuildConfiguration;
			buildSettings = {
				ASSETCATALOG_COMPILER_APPICON_NAME = AppIcon;
				ASSETCATALOG_COMPILER_GLOBAL_ACCENT_COLOR_NAME = AccentColor;
				CODE_SIGN_STYLE = Automatic;
				DEVELOPMENT_TEAM = XHN97245U5;
				INFOPLIST_FILE = GBShop/Environments/Info.plist;
				LD_RUNPATH_SEARCH_PATHS = (
					"$(inherited)",
					"@executable_path/Frameworks",
				);
				PRODUCT_BUNDLE_IDENTIFIER = com.konstantinkuznetsov.GBShop;
				PRODUCT_NAME = "$(TARGET_NAME)";
				SWIFT_VERSION = 5.0;
				TARGETED_DEVICE_FAMILY = "1,2";
			};
			name = Debug;
		};
		A1B57EBA26848638004096A0 /* Release */ = {
			isa = XCBuildConfiguration;
			buildSettings = {
				ASSETCATALOG_COMPILER_APPICON_NAME = AppIcon;
				ASSETCATALOG_COMPILER_GLOBAL_ACCENT_COLOR_NAME = AccentColor;
				CODE_SIGN_STYLE = Automatic;
				DEVELOPMENT_TEAM = XHN97245U5;
				INFOPLIST_FILE = GBShop/Environments/Info.plist;
				LD_RUNPATH_SEARCH_PATHS = (
					"$(inherited)",
					"@executable_path/Frameworks",
				);
				PRODUCT_BUNDLE_IDENTIFIER = com.konstantinkuznetsov.GBShop;
				PRODUCT_NAME = "$(TARGET_NAME)";
				SWIFT_VERSION = 5.0;
				TARGETED_DEVICE_FAMILY = "1,2";
			};
			name = Release;
		};
		A1B57EBC26848638004096A0 /* Debug */ = {
			isa = XCBuildConfiguration;
			buildSettings = {
				ALWAYS_EMBED_SWIFT_STANDARD_LIBRARIES = YES;
				BUNDLE_LOADER = "$(TEST_HOST)";
				CODE_SIGN_STYLE = Automatic;
				DEVELOPMENT_TEAM = XHN97245U5;
				INFOPLIST_FILE = GBShopTests/Info.plist;
				IPHONEOS_DEPLOYMENT_TARGET = 14.4;
				LD_RUNPATH_SEARCH_PATHS = (
					"$(inherited)",
					"@executable_path/Frameworks",
					"@loader_path/Frameworks",
				);
				PRODUCT_BUNDLE_IDENTIFIER = com.konstantinkuznetsov.GBShopTests;
				PRODUCT_NAME = "$(TARGET_NAME)";
				SWIFT_VERSION = 5.0;
				TARGETED_DEVICE_FAMILY = "1,2";
				TEST_HOST = "$(BUILT_PRODUCTS_DIR)/GBShop.app/GBShop";
			};
			name = Debug;
		};
		A1B57EBD26848638004096A0 /* Release */ = {
			isa = XCBuildConfiguration;
			buildSettings = {
				ALWAYS_EMBED_SWIFT_STANDARD_LIBRARIES = YES;
				BUNDLE_LOADER = "$(TEST_HOST)";
				CODE_SIGN_STYLE = Automatic;
				DEVELOPMENT_TEAM = XHN97245U5;
				INFOPLIST_FILE = GBShopTests/Info.plist;
				IPHONEOS_DEPLOYMENT_TARGET = 14.4;
				LD_RUNPATH_SEARCH_PATHS = (
					"$(inherited)",
					"@executable_path/Frameworks",
					"@loader_path/Frameworks",
				);
				PRODUCT_BUNDLE_IDENTIFIER = com.konstantinkuznetsov.GBShopTests;
				PRODUCT_NAME = "$(TARGET_NAME)";
				SWIFT_VERSION = 5.0;
				TARGETED_DEVICE_FAMILY = "1,2";
				TEST_HOST = "$(BUILT_PRODUCTS_DIR)/GBShop.app/GBShop";
			};
			name = Release;
		};
		A1B57EBF26848638004096A0 /* Debug */ = {
			isa = XCBuildConfiguration;
			buildSettings = {
				ALWAYS_EMBED_SWIFT_STANDARD_LIBRARIES = YES;
				CODE_SIGN_STYLE = Automatic;
				DEVELOPMENT_TEAM = XHN97245U5;
				INFOPLIST_FILE = GBShopUITests/Info.plist;
				LD_RUNPATH_SEARCH_PATHS = (
					"$(inherited)",
					"@executable_path/Frameworks",
					"@loader_path/Frameworks",
				);
				PRODUCT_BUNDLE_IDENTIFIER = com.konstantinkuznetsov.GBShopUITests;
				PRODUCT_NAME = "$(TARGET_NAME)";
				SWIFT_VERSION = 5.0;
				TARGETED_DEVICE_FAMILY = "1,2";
				TEST_TARGET_NAME = GBShop;
			};
			name = Debug;
		};
		A1B57EC026848638004096A0 /* Release */ = {
			isa = XCBuildConfiguration;
			buildSettings = {
				ALWAYS_EMBED_SWIFT_STANDARD_LIBRARIES = YES;
				CODE_SIGN_STYLE = Automatic;
				DEVELOPMENT_TEAM = XHN97245U5;
				INFOPLIST_FILE = GBShopUITests/Info.plist;
				LD_RUNPATH_SEARCH_PATHS = (
					"$(inherited)",
					"@executable_path/Frameworks",
					"@loader_path/Frameworks",
				);
				PRODUCT_BUNDLE_IDENTIFIER = com.konstantinkuznetsov.GBShopUITests;
				PRODUCT_NAME = "$(TARGET_NAME)";
				SWIFT_VERSION = 5.0;
				TARGETED_DEVICE_FAMILY = "1,2";
				TEST_TARGET_NAME = GBShop;
			};
			name = Release;
		};
/* End XCBuildConfiguration section */

/* Begin XCConfigurationList section */
		A1B57E892684862A004096A0 /* Build configuration list for PBXProject "GBShop" */ = {
			isa = XCConfigurationList;
			buildConfigurations = (
				A1B57EB626848638004096A0 /* Debug */,
				A1B57EB726848638004096A0 /* Release */,
			);
			defaultConfigurationIsVisible = 0;
			defaultConfigurationName = Release;
		};
		A1B57EB826848638004096A0 /* Build configuration list for PBXNativeTarget "GBShop" */ = {
			isa = XCConfigurationList;
			buildConfigurations = (
				A1B57EB926848638004096A0 /* Debug */,
				A1B57EBA26848638004096A0 /* Release */,
			);
			defaultConfigurationIsVisible = 0;
			defaultConfigurationName = Release;
		};
		A1B57EBB26848638004096A0 /* Build configuration list for PBXNativeTarget "GBShopTests" */ = {
			isa = XCConfigurationList;
			buildConfigurations = (
				A1B57EBC26848638004096A0 /* Debug */,
				A1B57EBD26848638004096A0 /* Release */,
			);
			defaultConfigurationIsVisible = 0;
			defaultConfigurationName = Release;
		};
		A1B57EBE26848638004096A0 /* Build configuration list for PBXNativeTarget "GBShopUITests" */ = {
			isa = XCConfigurationList;
			buildConfigurations = (
				A1B57EBF26848638004096A0 /* Debug */,
				A1B57EC026848638004096A0 /* Release */,
			);
			defaultConfigurationIsVisible = 0;
			defaultConfigurationName = Release;
		};
/* End XCConfigurationList section */
	};
	rootObject = A1B57E862684862A004096A0 /* Project object */;
}
