// !$*UTF8*$!
{
	archiveVersion = 1;
	classes = {
	};
	objectVersion = 51;
	objects = {

/* Begin PBXBuildFile section */
		305984E9817EF55D68F1C46B /* Pods_GBShop.framework in Frameworks */ = {isa = PBXBuildFile; fileRef = FFD7027DD588CAA6E09B4DBB /* Pods_GBShop.framework */; };
		A1110522268DBCB600EEA808 /* ResponseCodableTests.swift in Sources */ = {isa = PBXBuildFile; fileRef = A1110520268DBCB600EEA808 /* ResponseCodableTests.swift */; };
		A111053B268DCFFE00EEA808 /* ProductResult.swift in Sources */ = {isa = PBXBuildFile; fileRef = A111053A268DCFFE00EEA808 /* ProductResult.swift */; };
		A1110540268DD0C000EEA808 /* ProductListResult.swift in Sources */ = {isa = PBXBuildFile; fileRef = A111053F268DD0C000EEA808 /* ProductListResult.swift */; };
		A1110545268DD14000EEA808 /* ProductRequestFactory.swift in Sources */ = {isa = PBXBuildFile; fileRef = A1110544268DD14000EEA808 /* ProductRequestFactory.swift */; };
		A111054A268DD20700EEA808 /* Product.swift in Sources */ = {isa = PBXBuildFile; fileRef = A1110549268DD20700EEA808 /* Product.swift */; };
		A1110556268DE36800EEA808 /* ProductTests.swift in Sources */ = {isa = PBXBuildFile; fileRef = A1110554268DE36800EEA808 /* ProductTests.swift */; };
		A111055F268DEB6F00EEA808 /* AuthTests.swift in Sources */ = {isa = PBXBuildFile; fileRef = A111055E268DEB6F00EEA808 /* AuthTests.swift */; };
		A18EB8932689D257005124B5 /* AbstractErrorParser.swift in Sources */ = {isa = PBXBuildFile; fileRef = A18EB8922689D257005124B5 /* AbstractErrorParser.swift */; };
		A18EB8982689D288005124B5 /* ErrorParser.swift in Sources */ = {isa = PBXBuildFile; fileRef = A18EB8972689D288005124B5 /* ErrorParser.swift */; };
		A18EB89D2689D4F5005124B5 /* RequestCodable.swift in Sources */ = {isa = PBXBuildFile; fileRef = A18EB89C2689D4F5005124B5 /* RequestCodable.swift */; };
		A18EB8A22689D593005124B5 /* AbstractRequestFactory.swift in Sources */ = {isa = PBXBuildFile; fileRef = A18EB8A12689D593005124B5 /* AbstractRequestFactory.swift */; };
		A18EB8A72689D5E5005124B5 /* RequestRouter.swift in Sources */ = {isa = PBXBuildFile; fileRef = A18EB8A62689D5E5005124B5 /* RequestRouter.swift */; };
		A18EB8AC2689D681005124B5 /* LoginResult.swift in Sources */ = {isa = PBXBuildFile; fileRef = A18EB8AB2689D681005124B5 /* LoginResult.swift */; };
		A18EB8B12689D692005124B5 /* User.swift in Sources */ = {isa = PBXBuildFile; fileRef = A18EB8B02689D692005124B5 /* User.swift */; };
		A18EB8B72689D702005124B5 /* AuthRequestFactory.swift in Sources */ = {isa = PBXBuildFile; fileRef = A18EB8B62689D702005124B5 /* AuthRequestFactory.swift */; };
		A18EB8BF2689D727005124B5 /* Auth.swift in Sources */ = {isa = PBXBuildFile; fileRef = A18EB8BE2689D727005124B5 /* Auth.swift */; };
		A18EB8C42689D79E005124B5 /* RequestFactory.swift in Sources */ = {isa = PBXBuildFile; fileRef = A18EB8C32689D79E005124B5 /* RequestFactory.swift */; };
		A18EB8C92689DA95005124B5 /* StringResources.swift in Sources */ = {isa = PBXBuildFile; fileRef = A18EB8C82689DA95005124B5 /* StringResources.swift */; };
		A18EB8CE2689EABE005124B5 /* LogoutResult.swift in Sources */ = {isa = PBXBuildFile; fileRef = A18EB8CD2689EABE005124B5 /* LogoutResult.swift */; };
		A18EB8D62689ED6B005124B5 /* ChangeUserDataResult.swift in Sources */ = {isa = PBXBuildFile; fileRef = A18EB8D52689ED6B005124B5 /* ChangeUserDataResult.swift */; };
		A18EB8DB2689EDAE005124B5 /* RegisterResult.swift in Sources */ = {isa = PBXBuildFile; fileRef = A18EB8DA2689EDAE005124B5 /* RegisterResult.swift */; };
		A1937544269C4F00006757E4 /* CartResult.swift in Sources */ = {isa = PBXBuildFile; fileRef = A1937543269C4F00006757E4 /* CartResult.swift */; };
		A1937549269C4FD3006757E4 /* CartConfirmResult.swift in Sources */ = {isa = PBXBuildFile; fileRef = A1937548269C4FD3006757E4 /* CartConfirmResult.swift */; };
		A193754E269C5037006757E4 /* CartRequestFactory.swift in Sources */ = {isa = PBXBuildFile; fileRef = A193754D269C5037006757E4 /* CartRequestFactory.swift */; };
		A1937553269C50CD006757E4 /* Cart.swift in Sources */ = {isa = PBXBuildFile; fileRef = A1937552269C50CD006757E4 /* Cart.swift */; };
		A1937558269C67E3006757E4 /* CartTests.swift in Sources */ = {isa = PBXBuildFile; fileRef = A1937557269C67E3006757E4 /* CartTests.swift */; };
		A193755D269C67F8006757E4 /* ReviewTests.swift in Sources */ = {isa = PBXBuildFile; fileRef = A193755C269C67F8006757E4 /* ReviewTests.swift */; };
		A1B57E922684862A004096A0 /* AppDelegate.swift in Sources */ = {isa = PBXBuildFile; fileRef = A1B57E912684862A004096A0 /* AppDelegate.swift */; };
		A1B57E942684862A004096A0 /* SceneDelegate.swift in Sources */ = {isa = PBXBuildFile; fileRef = A1B57E932684862A004096A0 /* SceneDelegate.swift */; };
		A1B57E962684862A004096A0 /* ViewController.swift in Sources */ = {isa = PBXBuildFile; fileRef = A1B57E952684862A004096A0 /* ViewController.swift */; };
		A1B57E992684862A004096A0 /* Main.storyboard in Resources */ = {isa = PBXBuildFile; fileRef = A1B57E972684862A004096A0 /* Main.storyboard */; };
		A1B57E9B26848637004096A0 /* Assets.xcassets in Resources */ = {isa = PBXBuildFile; fileRef = A1B57E9A26848637004096A0 /* Assets.xcassets */; };
		A1B57E9E26848637004096A0 /* LaunchScreen.storyboard in Resources */ = {isa = PBXBuildFile; fileRef = A1B57E9C26848637004096A0 /* LaunchScreen.storyboard */; };
		A1B57EA926848638004096A0 /* GBShopTests.swift in Sources */ = {isa = PBXBuildFile; fileRef = A1B57EA826848638004096A0 /* GBShopTests.swift */; };
		A1B57EB426848638004096A0 /* GBShopUITests.swift in Sources */ = {isa = PBXBuildFile; fileRef = A1B57EB326848638004096A0 /* GBShopUITests.swift */; };
		A1C3D93F2697031C00D6D621 /* ReviewRequestFactory.swift in Sources */ = {isa = PBXBuildFile; fileRef = A1C3D93E2697031C00D6D621 /* ReviewRequestFactory.swift */; };
		A1C3D9442697048200D6D621 /* ReviewAddRemoveResult.swift in Sources */ = {isa = PBXBuildFile; fileRef = A1C3D9432697048200D6D621 /* ReviewAddRemoveResult.swift */; };
		A1C3D9492697051400D6D621 /* ReviewListResult.swift in Sources */ = {isa = PBXBuildFile; fileRef = A1C3D9482697051400D6D621 /* ReviewListResult.swift */; };
		A1C3D94E2697054C00D6D621 /* Reviews.swift in Sources */ = {isa = PBXBuildFile; fileRef = A1C3D94D2697054C00D6D621 /* Reviews.swift */; };
		A1C3D953269706FD00D6D621 /* Review.swift in Sources */ = {isa = PBXBuildFile; fileRef = A1C3D952269706FD00D6D621 /* Review.swift */; };
		A1C3D958269713D400D6D621 /* Products.swift in Sources */ = {isa = PBXBuildFile; fileRef = A1C3D957269713D400D6D621 /* Products.swift */; };
		E0BB332F434B57A20CC078A3 /* Pods_GBShopTests.framework in Frameworks */ = {isa = PBXBuildFile; fileRef = 3A4F0FA0ED6BEE1C02DC4557 /* Pods_GBShopTests.framework */; };
		E175628424EC699AE08109F0 /* Pods_GBShop_GBShopUITests.framework in Frameworks */ = {isa = PBXBuildFile; fileRef = 1E750560F952A0F935B76E38 /* Pods_GBShop_GBShopUITests.framework */; };
/* End PBXBuildFile section */

/* Begin PBXContainerItemProxy section */
		A1B57EA526848638004096A0 /* PBXContainerItemProxy */ = {
			isa = PBXContainerItemProxy;
			containerPortal = A1B57E862684862A004096A0 /* Project object */;
			proxyType = 1;
			remoteGlobalIDString = A1B57E8D2684862A004096A0;
			remoteInfo = GBShop;
		};
		A1B57EB026848638004096A0 /* PBXContainerItemProxy */ = {
			isa = PBXContainerItemProxy;
			containerPortal = A1B57E862684862A004096A0 /* Project object */;
			proxyType = 1;
			remoteGlobalIDString = A1B57E8D2684862A004096A0;
			remoteInfo = GBShop;
		};
/* End PBXContainerItemProxy section */

/* Begin PBXFileReference section */
		1E750560F952A0F935B76E38 /* Pods_GBShop_GBShopUITests.framework */ = {isa = PBXFileReference; explicitFileType = wrapper.framework; includeInIndex = 0; path = Pods_GBShop_GBShopUITests.framework; sourceTree = BUILT_PRODUCTS_DIR; };
		3A4F0FA0ED6BEE1C02DC4557 /* Pods_GBShopTests.framework */ = {isa = PBXFileReference; explicitFileType = wrapper.framework; includeInIndex = 0; path = Pods_GBShopTests.framework; sourceTree = BUILT_PRODUCTS_DIR; };
		60F483FF0F45F41974CDFE6F /* Pods-GBShop-GBShopUITests.release.xcconfig */ = {isa = PBXFileReference; includeInIndex = 1; lastKnownFileType = text.xcconfig; name = "Pods-GBShop-GBShopUITests.release.xcconfig"; path = "Target Support Files/Pods-GBShop-GBShopUITests/Pods-GBShop-GBShopUITests.release.xcconfig"; sourceTree = "<group>"; };
		6387ABBD26297BBE300509E9 /* Pods-GBShop.debug.xcconfig */ = {isa = PBXFileReference; includeInIndex = 1; lastKnownFileType = text.xcconfig; name = "Pods-GBShop.debug.xcconfig"; path = "Target Support Files/Pods-GBShop/Pods-GBShop.debug.xcconfig"; sourceTree = "<group>"; };
		6B180E59BD736BB482D8E07E /* Pods-GBShop-GBShopUITests.debug.xcconfig */ = {isa = PBXFileReference; includeInIndex = 1; lastKnownFileType = text.xcconfig; name = "Pods-GBShop-GBShopUITests.debug.xcconfig"; path = "Target Support Files/Pods-GBShop-GBShopUITests/Pods-GBShop-GBShopUITests.debug.xcconfig"; sourceTree = "<group>"; };
		7777C75AEDD9B369896CCCF0 /* Pods-GBShopTests.debug.xcconfig */ = {isa = PBXFileReference; includeInIndex = 1; lastKnownFileType = text.xcconfig; name = "Pods-GBShopTests.debug.xcconfig"; path = "Target Support Files/Pods-GBShopTests/Pods-GBShopTests.debug.xcconfig"; sourceTree = "<group>"; };
		A1110520268DBCB600EEA808 /* ResponseCodableTests.swift */ = {isa = PBXFileReference; lastKnownFileType = sourcecode.swift; path = ResponseCodableTests.swift; sourceTree = "<group>"; };
		A111052E268DBE9B00EEA808 /* All.xctestplan */ = {isa = PBXFileReference; lastKnownFileType = text; path = All.xctestplan; sourceTree = "<group>"; };
		A1110535268DBECF00EEA808 /* Unit.xctestplan */ = {isa = PBXFileReference; lastKnownFileType = text; path = Unit.xctestplan; sourceTree = "<group>"; };
		A1110536268DBEEC00EEA808 /* UI.xctestplan */ = {isa = PBXFileReference; lastKnownFileType = text; path = UI.xctestplan; sourceTree = "<group>"; };
		A111053A268DCFFE00EEA808 /* ProductResult.swift */ = {isa = PBXFileReference; lastKnownFileType = sourcecode.swift; path = ProductResult.swift; sourceTree = "<group>"; };
		A111053F268DD0C000EEA808 /* ProductListResult.swift */ = {isa = PBXFileReference; lastKnownFileType = sourcecode.swift; path = ProductListResult.swift; sourceTree = "<group>"; };
		A1110544268DD14000EEA808 /* ProductRequestFactory.swift */ = {isa = PBXFileReference; lastKnownFileType = sourcecode.swift; path = ProductRequestFactory.swift; sourceTree = "<group>"; };
		A1110549268DD20700EEA808 /* Product.swift */ = {isa = PBXFileReference; lastKnownFileType = sourcecode.swift; path = Product.swift; sourceTree = "<group>"; };
		A1110554268DE36800EEA808 /* ProductTests.swift */ = {isa = PBXFileReference; lastKnownFileType = sourcecode.swift; path = ProductTests.swift; sourceTree = "<group>"; };
		A111055E268DEB6F00EEA808 /* AuthTests.swift */ = {isa = PBXFileReference; lastKnownFileType = sourcecode.swift; path = AuthTests.swift; sourceTree = "<group>"; };
		A18EB8922689D257005124B5 /* AbstractErrorParser.swift */ = {isa = PBXFileReference; lastKnownFileType = sourcecode.swift; path = AbstractErrorParser.swift; sourceTree = "<group>"; };
		A18EB8972689D288005124B5 /* ErrorParser.swift */ = {isa = PBXFileReference; lastKnownFileType = sourcecode.swift; path = ErrorParser.swift; sourceTree = "<group>"; };
		A18EB89C2689D4F5005124B5 /* RequestCodable.swift */ = {isa = PBXFileReference; lastKnownFileType = sourcecode.swift; path = RequestCodable.swift; sourceTree = "<group>"; };
		A18EB8A12689D593005124B5 /* AbstractRequestFactory.swift */ = {isa = PBXFileReference; lastKnownFileType = sourcecode.swift; path = AbstractRequestFactory.swift; sourceTree = "<group>"; };
		A18EB8A62689D5E5005124B5 /* RequestRouter.swift */ = {isa = PBXFileReference; lastKnownFileType = sourcecode.swift; path = RequestRouter.swift; sourceTree = "<group>"; };
		A18EB8AB2689D681005124B5 /* LoginResult.swift */ = {isa = PBXFileReference; lastKnownFileType = sourcecode.swift; path = LoginResult.swift; sourceTree = "<group>"; };
		A18EB8B02689D692005124B5 /* User.swift */ = {isa = PBXFileReference; lastKnownFileType = sourcecode.swift; path = User.swift; sourceTree = "<group>"; };
		A18EB8B62689D702005124B5 /* AuthRequestFactory.swift */ = {isa = PBXFileReference; lastKnownFileType = sourcecode.swift; path = AuthRequestFactory.swift; sourceTree = "<group>"; };
		A18EB8BE2689D727005124B5 /* Auth.swift */ = {isa = PBXFileReference; lastKnownFileType = sourcecode.swift; path = Auth.swift; sourceTree = "<group>"; };
		A18EB8C32689D79E005124B5 /* RequestFactory.swift */ = {isa = PBXFileReference; lastKnownFileType = sourcecode.swift; path = RequestFactory.swift; sourceTree = "<group>"; };
		A18EB8C82689DA95005124B5 /* StringResources.swift */ = {isa = PBXFileReference; lastKnownFileType = sourcecode.swift; path = StringResources.swift; sourceTree = "<group>"; };
		A18EB8CD2689EABE005124B5 /* LogoutResult.swift */ = {isa = PBXFileReference; lastKnownFileType = sourcecode.swift; path = LogoutResult.swift; sourceTree = "<group>"; };
		A18EB8D52689ED6B005124B5 /* ChangeUserDataResult.swift */ = {isa = PBXFileReference; lastKnownFileType = sourcecode.swift; path = ChangeUserDataResult.swift; sourceTree = "<group>"; };
		A18EB8DA2689EDAE005124B5 /* RegisterResult.swift */ = {isa = PBXFileReference; lastKnownFileType = sourcecode.swift; path = RegisterResult.swift; sourceTree = "<group>"; };
		A1937543269C4F00006757E4 /* CartResult.swift */ = {isa = PBXFileReference; lastKnownFileType = sourcecode.swift; path = CartResult.swift; sourceTree = "<group>"; };
		A1937548269C4FD3006757E4 /* CartConfirmResult.swift */ = {isa = PBXFileReference; lastKnownFileType = sourcecode.swift; path = CartConfirmResult.swift; sourceTree = "<group>"; };
		A193754D269C5037006757E4 /* CartRequestFactory.swift */ = {isa = PBXFileReference; lastKnownFileType = sourcecode.swift; path = CartRequestFactory.swift; sourceTree = "<group>"; };
		A1937552269C50CD006757E4 /* Cart.swift */ = {isa = PBXFileReference; lastKnownFileType = sourcecode.swift; path = Cart.swift; sourceTree = "<group>"; };
		A1937557269C67E3006757E4 /* CartTests.swift */ = {isa = PBXFileReference; lastKnownFileType = sourcecode.swift; path = CartTests.swift; sourceTree = "<group>"; };
		A193755C269C67F8006757E4 /* ReviewTests.swift */ = {isa = PBXFileReference; lastKnownFileType = sourcecode.swift; path = ReviewTests.swift; sourceTree = "<group>"; };
		A1B57E8E2684862A004096A0 /* GBShop.app */ = {isa = PBXFileReference; explicitFileType = wrapper.application; includeInIndex = 0; path = GBShop.app; sourceTree = BUILT_PRODUCTS_DIR; };
		A1B57E912684862A004096A0 /* AppDelegate.swift */ = {isa = PBXFileReference; lastKnownFileType = sourcecode.swift; path = AppDelegate.swift; sourceTree = "<group>"; };
		A1B57E932684862A004096A0 /* SceneDelegate.swift */ = {isa = PBXFileReference; lastKnownFileType = sourcecode.swift; path = SceneDelegate.swift; sourceTree = "<group>"; };
		A1B57E952684862A004096A0 /* ViewController.swift */ = {isa = PBXFileReference; lastKnownFileType = sourcecode.swift; path = ViewController.swift; sourceTree = "<group>"; };
		A1B57E982684862A004096A0 /* Base */ = {isa = PBXFileReference; lastKnownFileType = file.storyboard; name = Base; path = Base.lproj/Main.storyboard; sourceTree = "<group>"; };
		A1B57E9A26848637004096A0 /* Assets.xcassets */ = {isa = PBXFileReference; lastKnownFileType = folder.assetcatalog; path = Assets.xcassets; sourceTree = "<group>"; };
		A1B57E9D26848637004096A0 /* Base */ = {isa = PBXFileReference; lastKnownFileType = file.storyboard; name = Base; path = Base.lproj/LaunchScreen.storyboard; sourceTree = "<group>"; };
		A1B57E9F26848637004096A0 /* Info.plist */ = {isa = PBXFileReference; lastKnownFileType = text.plist.xml; path = Info.plist; sourceTree = "<group>"; };
		A1B57EA426848637004096A0 /* GBShopTests.xctest */ = {isa = PBXFileReference; explicitFileType = wrapper.cfbundle; includeInIndex = 0; path = GBShopTests.xctest; sourceTree = BUILT_PRODUCTS_DIR; };
		A1B57EA826848638004096A0 /* GBShopTests.swift */ = {isa = PBXFileReference; lastKnownFileType = sourcecode.swift; path = GBShopTests.swift; sourceTree = "<group>"; };
		A1B57EAA26848638004096A0 /* Info.plist */ = {isa = PBXFileReference; lastKnownFileType = text.plist.xml; path = Info.plist; sourceTree = "<group>"; };
		A1B57EAF26848638004096A0 /* GBShopUITests.xctest */ = {isa = PBXFileReference; explicitFileType = wrapper.cfbundle; includeInIndex = 0; path = GBShopUITests.xctest; sourceTree = BUILT_PRODUCTS_DIR; };
		A1B57EB326848638004096A0 /* GBShopUITests.swift */ = {isa = PBXFileReference; lastKnownFileType = sourcecode.swift; path = GBShopUITests.swift; sourceTree = "<group>"; };
		A1B57EB526848638004096A0 /* Info.plist */ = {isa = PBXFileReference; lastKnownFileType = text.plist.xml; path = Info.plist; sourceTree = "<group>"; };
		A1C3D93E2697031C00D6D621 /* ReviewRequestFactory.swift */ = {isa = PBXFileReference; lastKnownFileType = sourcecode.swift; path = ReviewRequestFactory.swift; sourceTree = "<group>"; };
		A1C3D9432697048200D6D621 /* ReviewAddRemoveResult.swift */ = {isa = PBXFileReference; lastKnownFileType = sourcecode.swift; path = ReviewAddRemoveResult.swift; sourceTree = "<group>"; };
		A1C3D9482697051400D6D621 /* ReviewListResult.swift */ = {isa = PBXFileReference; lastKnownFileType = sourcecode.swift; path = ReviewListResult.swift; sourceTree = "<group>"; };
		A1C3D94D2697054C00D6D621 /* Reviews.swift */ = {isa = PBXFileReference; lastKnownFileType = sourcecode.swift; path = Reviews.swift; sourceTree = "<group>"; };
		A1C3D952269706FD00D6D621 /* Review.swift */ = {isa = PBXFileReference; lastKnownFileType = sourcecode.swift; path = Review.swift; sourceTree = "<group>"; };
		A1C3D957269713D400D6D621 /* Products.swift */ = {isa = PBXFileReference; lastKnownFileType = sourcecode.swift; path = Products.swift; sourceTree = "<group>"; };
		A5C2621C8AEDC9BF42EA591D /* Pods-GBShop.release.xcconfig */ = {isa = PBXFileReference; includeInIndex = 1; lastKnownFileType = text.xcconfig; name = "Pods-GBShop.release.xcconfig"; path = "Target Support Files/Pods-GBShop/Pods-GBShop.release.xcconfig"; sourceTree = "<group>"; };
		BE43A362FC18731AC6AC691E /* Pods-GBShopTests.release.xcconfig */ = {isa = PBXFileReference; includeInIndex = 1; lastKnownFileType = text.xcconfig; name = "Pods-GBShopTests.release.xcconfig"; path = "Target Support Files/Pods-GBShopTests/Pods-GBShopTests.release.xcconfig"; sourceTree = "<group>"; };
		FFD7027DD588CAA6E09B4DBB /* Pods_GBShop.framework */ = {isa = PBXFileReference; explicitFileType = wrapper.framework; includeInIndex = 0; path = Pods_GBShop.framework; sourceTree = BUILT_PRODUCTS_DIR; };
/* End PBXFileReference section */

/* Begin PBXFrameworksBuildPhase section */
		A1B57E8B2684862A004096A0 /* Frameworks */ = {
			isa = PBXFrameworksBuildPhase;
			buildActionMask = 2147483647;
			files = (
				305984E9817EF55D68F1C46B /* Pods_GBShop.framework in Frameworks */,
			);
			runOnlyForDeploymentPostprocessing = 0;
		};
		A1B57EA126848637004096A0 /* Frameworks */ = {
			isa = PBXFrameworksBuildPhase;
			buildActionMask = 2147483647;
			files = (
				E0BB332F434B57A20CC078A3 /* Pods_GBShopTests.framework in Frameworks */,
			);
			runOnlyForDeploymentPostprocessing = 0;
		};
		A1B57EAC26848638004096A0 /* Frameworks */ = {
			isa = PBXFrameworksBuildPhase;
			buildActionMask = 2147483647;
			files = (
				E175628424EC699AE08109F0 /* Pods_GBShop_GBShopUITests.framework in Frameworks */,
			);
			runOnlyForDeploymentPostprocessing = 0;
		};
/* End PBXFrameworksBuildPhase section */

/* Begin PBXGroup section */
		8EC13FA4E6D566828606B55E /* Frameworks */ = {
			isa = PBXGroup;
			children = (
				FFD7027DD588CAA6E09B4DBB /* Pods_GBShop.framework */,
				1E750560F952A0F935B76E38 /* Pods_GBShop_GBShopUITests.framework */,
				3A4F0FA0ED6BEE1C02DC4557 /* Pods_GBShopTests.framework */,
			);
			name = Frameworks;
			sourceTree = "<group>";
		};
		A111052D268DBE4300EEA808 /* Testplanes */ = {
			isa = PBXGroup;
			children = (
				A111052E268DBE9B00EEA808 /* All.xctestplan */,
				A1110535268DBECF00EEA808 /* Unit.xctestplan */,
				A1110536268DBEEC00EEA808 /* UI.xctestplan */,
			);
			path = Testplanes;
			sourceTree = "<group>";
		};
		A18EB8862689D1B1005124B5 /* Network */ = {
			isa = PBXGroup;
			children = (
				A18EB8922689D257005124B5 /* AbstractErrorParser.swift */,
				A18EB8972689D288005124B5 /* ErrorParser.swift */,
				A18EB89C2689D4F5005124B5 /* RequestCodable.swift */,
				A18EB8A12689D593005124B5 /* AbstractRequestFactory.swift */,
				A18EB8A62689D5E5005124B5 /* RequestRouter.swift */,
			);
			path = Network;
			sourceTree = "<group>";
		};
		A18EB8B52689D6DF005124B5 /* Network */ = {
			isa = PBXGroup;
			children = (
				A18EB8B62689D702005124B5 /* AuthRequestFactory.swift */,
				A18EB8BE2689D727005124B5 /* Auth.swift */,
				A1110544268DD14000EEA808 /* ProductRequestFactory.swift */,
				A1110549268DD20700EEA808 /* Product.swift */,
				A18EB8C32689D79E005124B5 /* RequestFactory.swift */,
				A1C3D93E2697031C00D6D621 /* ReviewRequestFactory.swift */,
				A1C3D952269706FD00D6D621 /* Review.swift */,
				A193754D269C5037006757E4 /* CartRequestFactory.swift */,
				A1937552269C50CD006757E4 /* Cart.swift */,
			);
			path = Network;
			sourceTree = "<group>";
		};
		A1B57E852684862A004096A0 = {
			isa = PBXGroup;
			children = (
				A111052D268DBE4300EEA808 /* Testplanes */,
				A1B57E902684862A004096A0 /* GBShop */,
				A1B57EA726848638004096A0 /* GBShopTests */,
				A1B57EB226848638004096A0 /* GBShopUITests */,
				A1B57E8F2684862A004096A0 /* Products */,
				BEFCB84497A6099C1A6E050D /* Pods */,
				8EC13FA4E6D566828606B55E /* Frameworks */,
			);
			sourceTree = "<group>";
		};
		A1B57E8F2684862A004096A0 /* Products */ = {
			isa = PBXGroup;
			children = (
				A1B57E8E2684862A004096A0 /* GBShop.app */,
				A1B57EA426848637004096A0 /* GBShopTests.xctest */,
				A1B57EAF26848638004096A0 /* GBShopUITests.xctest */,
			);
			name = Products;
			sourceTree = "<group>";
		};
		A1B57E902684862A004096A0 /* GBShop */ = {
			isa = PBXGroup;
			children = (
				A1B57EC42684880D004096A0 /* App */,
				A1B57EC926848843004096A0 /* Core */,
				A1B57ECA2684884A004096A0 /* Resources */,
				A1B57ECB26848855004096A0 /* Environments */,
				A1B57E952684862A004096A0 /* ViewController.swift */,
				A1B57E972684862A004096A0 /* Main.storyboard */,
			);
			path = GBShop;
			sourceTree = "<group>";
		};
		A1B57EA726848638004096A0 /* GBShopTests */ = {
			isa = PBXGroup;
			children = (
				A1B57EA826848638004096A0 /* GBShopTests.swift */,
				A1B57EAA26848638004096A0 /* Info.plist */,
				A1110520268DBCB600EEA808 /* ResponseCodableTests.swift */,
				A1110554268DE36800EEA808 /* ProductTests.swift */,
				A111055E268DEB6F00EEA808 /* AuthTests.swift */,
				A1937557269C67E3006757E4 /* CartTests.swift */,
				A193755C269C67F8006757E4 /* ReviewTests.swift */,
			);
			path = GBShopTests;
			sourceTree = "<group>";
		};
		A1B57EB226848638004096A0 /* GBShopUITests */ = {
			isa = PBXGroup;
			children = (
				A1B57EB326848638004096A0 /* GBShopUITests.swift */,
				A1B57EB526848638004096A0 /* Info.plist */,
			);
			path = GBShopUITests;
			sourceTree = "<group>";
		};
		A1B57EC42684880D004096A0 /* App */ = {
			isa = PBXGroup;
			children = (
				A1B57E912684862A004096A0 /* AppDelegate.swift */,
				A1B57E932684862A004096A0 /* SceneDelegate.swift */,
				A1B57EC826848832004096A0 /* BusinessLogic */,
				A1B57EC726848829004096A0 /* Entity */,
				A1B57EC626848820004096A0 /* Assembly */,
				A1B57EC526848818004096A0 /* Flows */,
			);
			path = App;
			sourceTree = "<group>";
		};
		A1B57EC526848818004096A0 /* Flows */ = {
			isa = PBXGroup;
			children = (
			);
			path = Flows;
			sourceTree = "<group>";
		};
		A1B57EC626848820004096A0 /* Assembly */ = {
			isa = PBXGroup;
			children = (
			);
			path = Assembly;
			sourceTree = "<group>";
		};
		A1B57EC726848829004096A0 /* Entity */ = {
			isa = PBXGroup;
			children = (
				A18EB8AB2689D681005124B5 /* LoginResult.swift */,
				A18EB8D52689ED6B005124B5 /* ChangeUserDataResult.swift */,
				A18EB8B02689D692005124B5 /* User.swift */,
				A18EB8CD2689EABE005124B5 /* LogoutResult.swift */,
				A18EB8DA2689EDAE005124B5 /* RegisterResult.swift */,
				A111053A268DCFFE00EEA808 /* ProductResult.swift */,
				A111053F268DD0C000EEA808 /* ProductListResult.swift */,
				A1C3D9432697048200D6D621 /* ReviewAddRemoveResult.swift */,
				A1C3D9482697051400D6D621 /* ReviewListResult.swift */,
				A1C3D94D2697054C00D6D621 /* Reviews.swift */,
				A1C3D957269713D400D6D621 /* Products.swift */,
				A1937543269C4F00006757E4 /* CartResult.swift */,
				A1937548269C4FD3006757E4 /* CartConfirmResult.swift */,
			);
			path = Entity;
			sourceTree = "<group>";
		};
		A1B57EC826848832004096A0 /* BusinessLogic */ = {
			isa = PBXGroup;
			children = (
				A18EB8B52689D6DF005124B5 /* Network */,
			);
			path = BusinessLogic;
			sourceTree = "<group>";
		};
		A1B57EC926848843004096A0 /* Core */ = {
			isa = PBXGroup;
			children = (
				A18EB8862689D1B1005124B5 /* Network */,
			);
			path = Core;
			sourceTree = "<group>";
		};
		A1B57ECA2684884A004096A0 /* Resources */ = {
			isa = PBXGroup;
			children = (
				A1B57E9C26848637004096A0 /* LaunchScreen.storyboard */,
				A1B57E9A26848637004096A0 /* Assets.xcassets */,
				A18EB8C82689DA95005124B5 /* StringResources.swift */,
			);
			path = Resources;
			sourceTree = "<group>";
		};
		A1B57ECB26848855004096A0 /* Environments */ = {
			isa = PBXGroup;
			children = (
				A1B57E9F26848637004096A0 /* Info.plist */,
			);
			path = Environments;
			sourceTree = "<group>";
		};
		BEFCB84497A6099C1A6E050D /* Pods */ = {
			isa = PBXGroup;
			children = (
				6387ABBD26297BBE300509E9 /* Pods-GBShop.debug.xcconfig */,
				A5C2621C8AEDC9BF42EA591D /* Pods-GBShop.release.xcconfig */,
				6B180E59BD736BB482D8E07E /* Pods-GBShop-GBShopUITests.debug.xcconfig */,
				60F483FF0F45F41974CDFE6F /* Pods-GBShop-GBShopUITests.release.xcconfig */,
				7777C75AEDD9B369896CCCF0 /* Pods-GBShopTests.debug.xcconfig */,
				BE43A362FC18731AC6AC691E /* Pods-GBShopTests.release.xcconfig */,
			);
			path = Pods;
			sourceTree = "<group>";
		};
/* End PBXGroup section */

/* Begin PBXNativeTarget section */
		A1B57E8D2684862A004096A0 /* GBShop */ = {
			isa = PBXNativeTarget;
			buildConfigurationList = A1B57EB826848638004096A0 /* Build configuration list for PBXNativeTarget "GBShop" */;
			buildPhases = (
				12E4496009B84EAD898ACA86 /* [CP] Check Pods Manifest.lock */,
				A1B57E8A2684862A004096A0 /* Sources */,
				A1B57E8B2684862A004096A0 /* Frameworks */,
				A1B57E8C2684862A004096A0 /* Resources */,
				F5F1E9157F70DE3B0D0C9435 /* [CP] Embed Pods Frameworks */,
			);
			buildRules = (
			);
			dependencies = (
			);
			name = GBShop;
			productName = GBShop;
			productReference = A1B57E8E2684862A004096A0 /* GBShop.app */;
			productType = "com.apple.product-type.application";
		};
		A1B57EA326848637004096A0 /* GBShopTests */ = {
			isa = PBXNativeTarget;
			buildConfigurationList = A1B57EBB26848638004096A0 /* Build configuration list for PBXNativeTarget "GBShopTests" */;
			buildPhases = (
				0B413F700E8B745C4B197E6B /* [CP] Check Pods Manifest.lock */,
				A1B57EA026848637004096A0 /* Sources */,
				A1B57EA126848637004096A0 /* Frameworks */,
				A1B57EA226848637004096A0 /* Resources */,
			);
			buildRules = (
			);
			dependencies = (
				A1B57EA626848638004096A0 /* PBXTargetDependency */,
			);
			name = GBShopTests;
			productName = GBShopTests;
			productReference = A1B57EA426848637004096A0 /* GBShopTests.xctest */;
			productType = "com.apple.product-type.bundle.unit-test";
		};
		A1B57EAE26848638004096A0 /* GBShopUITests */ = {
			isa = PBXNativeTarget;
			buildConfigurationList = A1B57EBE26848638004096A0 /* Build configuration list for PBXNativeTarget "GBShopUITests" */;
			buildPhases = (
				D982D3266584BADE0702E00F /* [CP] Check Pods Manifest.lock */,
				A1B57EAB26848638004096A0 /* Sources */,
				A1B57EAC26848638004096A0 /* Frameworks */,
				A1B57EAD26848638004096A0 /* Resources */,
				F709ACC7FC4C0D95CBA607E5 /* [CP] Embed Pods Frameworks */,
			);
			buildRules = (
			);
			dependencies = (
				A1B57EB126848638004096A0 /* PBXTargetDependency */,
			);
			name = GBShopUITests;
			productName = GBShopUITests;
			productReference = A1B57EAF26848638004096A0 /* GBShopUITests.xctest */;
			productType = "com.apple.product-type.bundle.ui-testing";
		};
/* End PBXNativeTarget section */

/* Begin PBXProject section */
		A1B57E862684862A004096A0 /* Project object */ = {
			isa = PBXProject;
			attributes = {
				LastSwiftUpdateCheck = 1240;
				LastUpgradeCheck = 1240;
				TargetAttributes = {
					A1B57E8D2684862A004096A0 = {
						CreatedOnToolsVersion = 12.4;
					};
					A1B57EA326848637004096A0 = {
						CreatedOnToolsVersion = 12.4;
						TestTargetID = A1B57E8D2684862A004096A0;
					};
					A1B57EAE26848638004096A0 = {
						CreatedOnToolsVersion = 12.4;
						TestTargetID = A1B57E8D2684862A004096A0;
					};
				};
			};
			buildConfigurationList = A1B57E892684862A004096A0 /* Build configuration list for PBXProject "GBShop" */;
			compatibilityVersion = "Xcode 9.3";
			developmentRegion = en;
			hasScannedForEncodings = 0;
			knownRegions = (
				en,
				Base,
			);
			mainGroup = A1B57E852684862A004096A0;
			productRefGroup = A1B57E8F2684862A004096A0 /* Products */;
			projectDirPath = "";
			projectRoot = "";
			targets = (
				A1B57E8D2684862A004096A0 /* GBShop */,
				A1B57EA326848637004096A0 /* GBShopTests */,
				A1B57EAE26848638004096A0 /* GBShopUITests */,
			);
		};
/* End PBXProject section */

/* Begin PBXResourcesBuildPhase section */
		A1B57E8C2684862A004096A0 /* Resources */ = {
			isa = PBXResourcesBuildPhase;
			buildActionMask = 2147483647;
			files = (
				A1B57E9E26848637004096A0 /* LaunchScreen.storyboard in Resources */,
				A1B57E9B26848637004096A0 /* Assets.xcassets in Resources */,
				A1B57E992684862A004096A0 /* Main.storyboard in Resources */,
			);
			runOnlyForDeploymentPostprocessing = 0;
		};
		A1B57EA226848637004096A0 /* Resources */ = {
			isa = PBXResourcesBuildPhase;
			buildActionMask = 2147483647;
			files = (
			);
			runOnlyForDeploymentPostprocessing = 0;
		};
		A1B57EAD26848638004096A0 /* Resources */ = {
			isa = PBXResourcesBuildPhase;
			buildActionMask = 2147483647;
			files = (
			);
			runOnlyForDeploymentPostprocessing = 0;
		};
/* End PBXResourcesBuildPhase section */

/* Begin PBXShellScriptBuildPhase section */
		0B413F700E8B745C4B197E6B /* [CP] Check Pods Manifest.lock */ = {
			isa = PBXShellScriptBuildPhase;
			buildActionMask = 2147483647;
			files = (
			);
			inputFileListPaths = (
			);
			inputPaths = (
				"${PODS_PODFILE_DIR_PATH}/Podfile.lock",
				"${PODS_ROOT}/Manifest.lock",
			);
			name = "[CP] Check Pods Manifest.lock";
			outputFileListPaths = (
			);
			outputPaths = (
				"$(DERIVED_FILE_DIR)/Pods-GBShopTests-checkManifestLockResult.txt",
			);
			runOnlyForDeploymentPostprocessing = 0;
			shellPath = /bin/sh;
			shellScript = "diff \"${PODS_PODFILE_DIR_PATH}/Podfile.lock\" \"${PODS_ROOT}/Manifest.lock\" > /dev/null\nif [ $? != 0 ] ; then\n    # print error to STDERR\n    echo \"error: The sandbox is not in sync with the Podfile.lock. Run 'pod install' or update your CocoaPods installation.\" >&2\n    exit 1\nfi\n# This output is used by Xcode 'outputs' to avoid re-running this script phase.\necho \"SUCCESS\" > \"${SCRIPT_OUTPUT_FILE_0}\"\n";
			showEnvVarsInLog = 0;
		};
		12E4496009B84EAD898ACA86 /* [CP] Check Pods Manifest.lock */ = {
			isa = PBXShellScriptBuildPhase;
			buildActionMask = 2147483647;
			files = (
			);
			inputFileListPaths = (
			);
			inputPaths = (
				"${PODS_PODFILE_DIR_PATH}/Podfile.lock",
				"${PODS_ROOT}/Manifest.lock",
			);
			name = "[CP] Check Pods Manifest.lock";
			outputFileListPaths = (
			);
			outputPaths = (
				"$(DERIVED_FILE_DIR)/Pods-GBShop-checkManifestLockResult.txt",
			);
			runOnlyForDeploymentPostprocessing = 0;
			shellPath = /bin/sh;
			shellScript = "diff \"${PODS_PODFILE_DIR_PATH}/Podfile.lock\" \"${PODS_ROOT}/Manifest.lock\" > /dev/null\nif [ $? != 0 ] ; then\n    # print error to STDERR\n    echo \"error: The sandbox is not in sync with the Podfile.lock. Run 'pod install' or update your CocoaPods installation.\" >&2\n    exit 1\nfi\n# This output is used by Xcode 'outputs' to avoid re-running this script phase.\necho \"SUCCESS\" > \"${SCRIPT_OUTPUT_FILE_0}\"\n";
			showEnvVarsInLog = 0;
		};
		D982D3266584BADE0702E00F /* [CP] Check Pods Manifest.lock */ = {
			isa = PBXShellScriptBuildPhase;
			buildActionMask = 2147483647;
			files = (
			);
			inputFileListPaths = (
			);
			inputPaths = (
				"${PODS_PODFILE_DIR_PATH}/Podfile.lock",
				"${PODS_ROOT}/Manifest.lock",
			);
			name = "[CP] Check Pods Manifest.lock";
			outputFileListPaths = (
			);
			outputPaths = (
				"$(DERIVED_FILE_DIR)/Pods-GBShop-GBShopUITests-checkManifestLockResult.txt",
			);
			runOnlyForDeploymentPostprocessing = 0;
			shellPath = /bin/sh;
			shellScript = "diff \"${PODS_PODFILE_DIR_PATH}/Podfile.lock\" \"${PODS_ROOT}/Manifest.lock\" > /dev/null\nif [ $? != 0 ] ; then\n    # print error to STDERR\n    echo \"error: The sandbox is not in sync with the Podfile.lock. Run 'pod install' or update your CocoaPods installation.\" >&2\n    exit 1\nfi\n# This output is used by Xcode 'outputs' to avoid re-running this script phase.\necho \"SUCCESS\" > \"${SCRIPT_OUTPUT_FILE_0}\"\n";
			showEnvVarsInLog = 0;
		};
		F5F1E9157F70DE3B0D0C9435 /* [CP] Embed Pods Frameworks */ = {
			isa = PBXShellScriptBuildPhase;
			buildActionMask = 2147483647;
			files = (
			);
			inputFileListPaths = (
				"${PODS_ROOT}/Target Support Files/Pods-GBShop/Pods-GBShop-frameworks-${CONFIGURATION}-input-files.xcfilelist",
			);
			name = "[CP] Embed Pods Frameworks";
			outputFileListPaths = (
				"${PODS_ROOT}/Target Support Files/Pods-GBShop/Pods-GBShop-frameworks-${CONFIGURATION}-output-files.xcfilelist",
			);
			runOnlyForDeploymentPostprocessing = 0;
			shellPath = /bin/sh;
			shellScript = "\"${PODS_ROOT}/Target Support Files/Pods-GBShop/Pods-GBShop-frameworks.sh\"\n";
			showEnvVarsInLog = 0;
		};
		F709ACC7FC4C0D95CBA607E5 /* [CP] Embed Pods Frameworks */ = {
			isa = PBXShellScriptBuildPhase;
			buildActionMask = 2147483647;
			files = (
			);
			inputFileListPaths = (
				"${PODS_ROOT}/Target Support Files/Pods-GBShop-GBShopUITests/Pods-GBShop-GBShopUITests-frameworks-${CONFIGURATION}-input-files.xcfilelist",
			);
			name = "[CP] Embed Pods Frameworks";
			outputFileListPaths = (
				"${PODS_ROOT}/Target Support Files/Pods-GBShop-GBShopUITests/Pods-GBShop-GBShopUITests-frameworks-${CONFIGURATION}-output-files.xcfilelist",
			);
			runOnlyForDeploymentPostprocessing = 0;
			shellPath = /bin/sh;
			shellScript = "\"${PODS_ROOT}/Target Support Files/Pods-GBShop-GBShopUITests/Pods-GBShop-GBShopUITests-frameworks.sh\"\n";
			showEnvVarsInLog = 0;
		};
/* End PBXShellScriptBuildPhase section */

/* Begin PBXSourcesBuildPhase section */
		A1B57E8A2684862A004096A0 /* Sources */ = {
			isa = PBXSourcesBuildPhase;
			buildActionMask = 2147483647;
			files = (
				A18EB8B72689D702005124B5 /* AuthRequestFactory.swift in Sources */,
				A18EB8A72689D5E5005124B5 /* RequestRouter.swift in Sources */,
				A1937553269C50CD006757E4 /* Cart.swift in Sources */,
				A18EB8A22689D593005124B5 /* AbstractRequestFactory.swift in Sources */,
				A18EB8D62689ED6B005124B5 /* ChangeUserDataResult.swift in Sources */,
				A1C3D9442697048200D6D621 /* ReviewAddRemoveResult.swift in Sources */,
				A18EB8C42689D79E005124B5 /* RequestFactory.swift in Sources */,
				A18EB8DB2689EDAE005124B5 /* RegisterResult.swift in Sources */,
				A18EB89D2689D4F5005124B5 /* RequestCodable.swift in Sources */,
				A18EB8982689D288005124B5 /* ErrorParser.swift in Sources */,
				A1937549269C4FD3006757E4 /* CartConfirmResult.swift in Sources */,
				A1110545268DD14000EEA808 /* ProductRequestFactory.swift in Sources */,
				A1C3D94E2697054C00D6D621 /* Reviews.swift in Sources */,
				A1B57E962684862A004096A0 /* ViewController.swift in Sources */,
				A1937544269C4F00006757E4 /* CartResult.swift in Sources */,
				A1C3D93F2697031C00D6D621 /* ReviewRequestFactory.swift in Sources */,
				A1C3D953269706FD00D6D621 /* Review.swift in Sources */,
				A193754E269C5037006757E4 /* CartRequestFactory.swift in Sources */,
				A1B57E922684862A004096A0 /* AppDelegate.swift in Sources */,
				A18EB8AC2689D681005124B5 /* LoginResult.swift in Sources */,
				A1C3D9492697051400D6D621 /* ReviewListResult.swift in Sources */,
				A111053B268DCFFE00EEA808 /* ProductResult.swift in Sources */,
				A1B57E942684862A004096A0 /* SceneDelegate.swift in Sources */,
				A18EB8B12689D692005124B5 /* User.swift in Sources */,
				A1C3D958269713D400D6D621 /* Products.swift in Sources */,
				A18EB8932689D257005124B5 /* AbstractErrorParser.swift in Sources */,
				A18EB8C92689DA95005124B5 /* StringResources.swift in Sources */,
				A18EB8BF2689D727005124B5 /* Auth.swift in Sources */,
				A1110540268DD0C000EEA808 /* ProductListResult.swift in Sources */,
				A18EB8CE2689EABE005124B5 /* LogoutResult.swift in Sources */,
				A111054A268DD20700EEA808 /* Product.swift in Sources */,
			);
			runOnlyForDeploymentPostprocessing = 0;
		};
		A1B57EA026848637004096A0 /* Sources */ = {
			isa = PBXSourcesBuildPhase;
			buildActionMask = 2147483647;
			files = (
				A1B57EA926848638004096A0 /* GBShopTests.swift in Sources */,
				A1110522268DBCB600EEA808 /* ResponseCodableTests.swift in Sources */,
				A1110556268DE36800EEA808 /* ProductTests.swift in Sources */,
				A111055F268DEB6F00EEA808 /* AuthTests.swift in Sources */,
				A1937558269C67E3006757E4 /* CartTests.swift in Sources */,
				A193755D269C67F8006757E4 /* ReviewTests.swift in Sources */,
			);
			runOnlyForDeploymentPostprocessing = 0;
		};
		A1B57EAB26848638004096A0 /* Sources */ = {
			isa = PBXSourcesBuildPhase;
			buildActionMask = 2147483647;
			files = (
				A1B57EB426848638004096A0 /* GBShopUITests.swift in Sources */,
			);
			runOnlyForDeploymentPostprocessing = 0;
		};
/* End PBXSourcesBuildPhase section */

/* Begin PBXTargetDependency section */
		A1B57EA626848638004096A0 /* PBXTargetDependency */ = {
			isa = PBXTargetDependency;
			target = A1B57E8D2684862A004096A0 /* GBShop */;
			targetProxy = A1B57EA526848638004096A0 /* PBXContainerItemProxy */;
		};
		A1B57EB126848638004096A0 /* PBXTargetDependency */ = {
			isa = PBXTargetDependency;
			target = A1B57E8D2684862A004096A0 /* GBShop */;
			targetProxy = A1B57EB026848638004096A0 /* PBXContainerItemProxy */;
		};
/* End PBXTargetDependency section */

/* Begin PBXVariantGroup section */
		A1B57E972684862A004096A0 /* Main.storyboard */ = {
			isa = PBXVariantGroup;
			children = (
				A1B57E982684862A004096A0 /* Base */,
			);
			name = Main.storyboard;
			sourceTree = "<group>";
		};
		A1B57E9C26848637004096A0 /* LaunchScreen.storyboard */ = {
			isa = PBXVariantGroup;
			children = (
				A1B57E9D26848637004096A0 /* Base */,
			);
			name = LaunchScreen.storyboard;
			sourceTree = "<group>";
		};
/* End PBXVariantGroup section */

/* Begin XCBuildConfiguration section */
		A1B57EB626848638004096A0 /* Debug */ = {
			isa = XCBuildConfiguration;
			buildSettings = {
				ALWAYS_SEARCH_USER_PATHS = NO;
				CLANG_ANALYZER_NONNULL = YES;
				CLANG_ANALYZER_NUMBER_OBJECT_CONVERSION = YES_AGGRESSIVE;
				CLANG_CXX_LANGUAGE_STANDARD = "gnu++14";
				CLANG_CXX_LIBRARY = "libc++";
				CLANG_ENABLE_MODULES = YES;
				CLANG_ENABLE_OBJC_ARC = YES;
				CLANG_ENABLE_OBJC_WEAK = YES;
				CLANG_WARN_BLOCK_CAPTURE_AUTORELEASING = YES;
				CLANG_WARN_BOOL_CONVERSION = YES;
				CLANG_WARN_COMMA = YES;
				CLANG_WARN_CONSTANT_CONVERSION = YES;
				CLANG_WARN_DEPRECATED_OBJC_IMPLEMENTATIONS = YES;
				CLANG_WARN_DIRECT_OBJC_ISA_USAGE = YES_ERROR;
				CLANG_WARN_DOCUMENTATION_COMMENTS = YES;
				CLANG_WARN_EMPTY_BODY = YES;
				CLANG_WARN_ENUM_CONVERSION = YES;
				CLANG_WARN_INFINITE_RECURSION = YES;
				CLANG_WARN_INT_CONVERSION = YES;
				CLANG_WARN_NON_LITERAL_NULL_CONVERSION = YES;
				CLANG_WARN_OBJC_IMPLICIT_RETAIN_SELF = YES;
				CLANG_WARN_OBJC_LITERAL_CONVERSION = YES;
				CLANG_WARN_OBJC_ROOT_CLASS = YES_ERROR;
				CLANG_WARN_QUOTED_INCLUDE_IN_FRAMEWORK_HEADER = YES;
				CLANG_WARN_RANGE_LOOP_ANALYSIS = YES;
				CLANG_WARN_STRICT_PROTOTYPES = YES;
				CLANG_WARN_SUSPICIOUS_MOVE = YES;
				CLANG_WARN_UNGUARDED_AVAILABILITY = YES_AGGRESSIVE;
				CLANG_WARN_UNREACHABLE_CODE = YES;
				CLANG_WARN__DUPLICATE_METHOD_MATCH = YES;
				COPY_PHASE_STRIP = NO;
				DEBUG_INFORMATION_FORMAT = dwarf;
				ENABLE_STRICT_OBJC_MSGSEND = YES;
				ENABLE_TESTABILITY = YES;
				GCC_C_LANGUAGE_STANDARD = gnu11;
				GCC_DYNAMIC_NO_PIC = NO;
				GCC_NO_COMMON_BLOCKS = YES;
				GCC_OPTIMIZATION_LEVEL = 0;
				GCC_PREPROCESSOR_DEFINITIONS = (
					"DEBUG=1",
					"$(inherited)",
				);
				GCC_WARN_64_TO_32_BIT_CONVERSION = YES;
				GCC_WARN_ABOUT_RETURN_TYPE = YES_ERROR;
				GCC_WARN_UNDECLARED_SELECTOR = YES;
				GCC_WARN_UNINITIALIZED_AUTOS = YES_AGGRESSIVE;
				GCC_WARN_UNUSED_FUNCTION = YES;
				GCC_WARN_UNUSED_VARIABLE = YES;
				IPHONEOS_DEPLOYMENT_TARGET = 14.4;
				MTL_ENABLE_DEBUG_INFO = INCLUDE_SOURCE;
				MTL_FAST_MATH = YES;
				ONLY_ACTIVE_ARCH = YES;
				SDKROOT = iphoneos;
				SWIFT_ACTIVE_COMPILATION_CONDITIONS = DEBUG;
				SWIFT_OPTIMIZATION_LEVEL = "-Onone";
			};
			name = Debug;
		};
		A1B57EB726848638004096A0 /* Release */ = {
			isa = XCBuildConfiguration;
			buildSettings = {
				ALWAYS_SEARCH_USER_PATHS = NO;
				CLANG_ANALYZER_NONNULL = YES;
				CLANG_ANALYZER_NUMBER_OBJECT_CONVERSION = YES_AGGRESSIVE;
				CLANG_CXX_LANGUAGE_STANDARD = "gnu++14";
				CLANG_CXX_LIBRARY = "libc++";
				CLANG_ENABLE_MODULES = YES;
				CLANG_ENABLE_OBJC_ARC = YES;
				CLANG_ENABLE_OBJC_WEAK = YES;
				CLANG_WARN_BLOCK_CAPTURE_AUTORELEASING = YES;
				CLANG_WARN_BOOL_CONVERSION = YES;
				CLANG_WARN_COMMA = YES;
				CLANG_WARN_CONSTANT_CONVERSION = YES;
				CLANG_WARN_DEPRECATED_OBJC_IMPLEMENTATIONS = YES;
				CLANG_WARN_DIRECT_OBJC_ISA_USAGE = YES_ERROR;
				CLANG_WARN_DOCUMENTATION_COMMENTS = YES;
				CLANG_WARN_EMPTY_BODY = YES;
				CLANG_WARN_ENUM_CONVERSION = YES;
				CLANG_WARN_INFINITE_RECURSION = YES;
				CLANG_WARN_INT_CONVERSION = YES;
				CLANG_WARN_NON_LITERAL_NULL_CONVERSION = YES;
				CLANG_WARN_OBJC_IMPLICIT_RETAIN_SELF = YES;
				CLANG_WARN_OBJC_LITERAL_CONVERSION = YES;
				CLANG_WARN_OBJC_ROOT_CLASS = YES_ERROR;
				CLANG_WARN_QUOTED_INCLUDE_IN_FRAMEWORK_HEADER = YES;
				CLANG_WARN_RANGE_LOOP_ANALYSIS = YES;
				CLANG_WARN_STRICT_PROTOTYPES = YES;
				CLANG_WARN_SUSPICIOUS_MOVE = YES;
				CLANG_WARN_UNGUARDED_AVAILABILITY = YES_AGGRESSIVE;
				CLANG_WARN_UNREACHABLE_CODE = YES;
				CLANG_WARN__DUPLICATE_METHOD_MATCH = YES;
				COPY_PHASE_STRIP = NO;
				DEBUG_INFORMATION_FORMAT = "dwarf-with-dsym";
				ENABLE_NS_ASSERTIONS = NO;
				ENABLE_STRICT_OBJC_MSGSEND = YES;
				GCC_C_LANGUAGE_STANDARD = gnu11;
				GCC_NO_COMMON_BLOCKS = YES;
				GCC_WARN_64_TO_32_BIT_CONVERSION = YES;
				GCC_WARN_ABOUT_RETURN_TYPE = YES_ERROR;
				GCC_WARN_UNDECLARED_SELECTOR = YES;
				GCC_WARN_UNINITIALIZED_AUTOS = YES_AGGRESSIVE;
				GCC_WARN_UNUSED_FUNCTION = YES;
				GCC_WARN_UNUSED_VARIABLE = YES;
				IPHONEOS_DEPLOYMENT_TARGET = 14.4;
				MTL_ENABLE_DEBUG_INFO = NO;
				MTL_FAST_MATH = YES;
				SDKROOT = iphoneos;
				SWIFT_COMPILATION_MODE = wholemodule;
				SWIFT_OPTIMIZATION_LEVEL = "-O";
				VALIDATE_PRODUCT = YES;
			};
			name = Release;
		};
		A1B57EB926848638004096A0 /* Debug */ = {
			isa = XCBuildConfiguration;
			baseConfigurationReference = 6387ABBD26297BBE300509E9 /* Pods-GBShop.debug.xcconfig */;
			buildSettings = {
				ASSETCATALOG_COMPILER_APPICON_NAME = AppIcon;
				ASSETCATALOG_COMPILER_GLOBAL_ACCENT_COLOR_NAME = AccentColor;
				CODE_SIGN_STYLE = Automatic;
				DEVELOPMENT_TEAM = XHN97245U5;
				INFOPLIST_FILE = GBShop/Environments/Info.plist;
				LD_RUNPATH_SEARCH_PATHS = (
					"$(inherited)",
					"@executable_path/Frameworks",
				);
				PRODUCT_BUNDLE_IDENTIFIER = com.konstantinkuznetsov.GBShop;
				PRODUCT_NAME = "$(TARGET_NAME)";
				SWIFT_VERSION = 5.0;
				TARGETED_DEVICE_FAMILY = "1,2";
			};
			name = Debug;
		};
		A1B57EBA26848638004096A0 /* Release */ = {
			isa = XCBuildConfiguration;
			baseConfigurationReference = A5C2621C8AEDC9BF42EA591D /* Pods-GBShop.release.xcconfig */;
			buildSettings = {
				ASSETCATALOG_COMPILER_APPICON_NAME = AppIcon;
				ASSETCATALOG_COMPILER_GLOBAL_ACCENT_COLOR_NAME = AccentColor;
				CODE_SIGN_STYLE = Automatic;
				DEVELOPMENT_TEAM = XHN97245U5;
				INFOPLIST_FILE = GBShop/Environments/Info.plist;
				LD_RUNPATH_SEARCH_PATHS = (
					"$(inherited)",
					"@executable_path/Frameworks",
				);
				PRODUCT_BUNDLE_IDENTIFIER = com.konstantinkuznetsov.GBShop;
				PRODUCT_NAME = "$(TARGET_NAME)";
				SWIFT_VERSION = 5.0;
				TARGETED_DEVICE_FAMILY = "1,2";
			};
			name = Release;
		};
		A1B57EBC26848638004096A0 /* Debug */ = {
			isa = XCBuildConfiguration;
			baseConfigurationReference = 7777C75AEDD9B369896CCCF0 /* Pods-GBShopTests.debug.xcconfig */;
			buildSettings = {
				ALWAYS_EMBED_SWIFT_STANDARD_LIBRARIES = YES;
				BUNDLE_LOADER = "$(TEST_HOST)";
				CODE_SIGN_STYLE = Automatic;
				DEVELOPMENT_TEAM = XHN97245U5;
				INFOPLIST_FILE = GBShopTests/Info.plist;
				IPHONEOS_DEPLOYMENT_TARGET = 14.4;
				LD_RUNPATH_SEARCH_PATHS = (
					"$(inherited)",
					"@executable_path/Frameworks",
					"@loader_path/Frameworks",
				);
				PRODUCT_BUNDLE_IDENTIFIER = com.konstantinkuznetsov.GBShopTests;
				PRODUCT_NAME = "$(TARGET_NAME)";
				SWIFT_VERSION = 5.0;
				TARGETED_DEVICE_FAMILY = "1,2";
				TEST_HOST = "$(BUILT_PRODUCTS_DIR)/GBShop.app/GBShop";
			};
			name = Debug;
		};
		A1B57EBD26848638004096A0 /* Release */ = {
			isa = XCBuildConfiguration;
			baseConfigurationReference = BE43A362FC18731AC6AC691E /* Pods-GBShopTests.release.xcconfig */;
			buildSettings = {
				ALWAYS_EMBED_SWIFT_STANDARD_LIBRARIES = YES;
				BUNDLE_LOADER = "$(TEST_HOST)";
				CODE_SIGN_STYLE = Automatic;
				DEVELOPMENT_TEAM = XHN97245U5;
				INFOPLIST_FILE = GBShopTests/Info.plist;
				IPHONEOS_DEPLOYMENT_TARGET = 14.4;
				LD_RUNPATH_SEARCH_PATHS = (
					"$(inherited)",
					"@executable_path/Frameworks",
					"@loader_path/Frameworks",
				);
				PRODUCT_BUNDLE_IDENTIFIER = com.konstantinkuznetsov.GBShopTests;
				PRODUCT_NAME = "$(TARGET_NAME)";
				SWIFT_VERSION = 5.0;
				TARGETED_DEVICE_FAMILY = "1,2";
				TEST_HOST = "$(BUILT_PRODUCTS_DIR)/GBShop.app/GBShop";
			};
			name = Release;
		};
		A1B57EBF26848638004096A0 /* Debug */ = {
			isa = XCBuildConfiguration;
			baseConfigurationReference = 6B180E59BD736BB482D8E07E /* Pods-GBShop-GBShopUITests.debug.xcconfig */;
			buildSettings = {
				ALWAYS_EMBED_SWIFT_STANDARD_LIBRARIES = YES;
				CODE_SIGN_STYLE = Automatic;
				DEVELOPMENT_TEAM = XHN97245U5;
				INFOPLIST_FILE = GBShopUITests/Info.plist;
				LD_RUNPATH_SEARCH_PATHS = (
					"$(inherited)",
					"@executable_path/Frameworks",
					"@loader_path/Frameworks",
				);
				PRODUCT_BUNDLE_IDENTIFIER = com.konstantinkuznetsov.GBShopUITests;
				PRODUCT_NAME = "$(TARGET_NAME)";
				SWIFT_VERSION = 5.0;
				TARGETED_DEVICE_FAMILY = "1,2";
				TEST_TARGET_NAME = GBShop;
			};
			name = Debug;
		};
		A1B57EC026848638004096A0 /* Release */ = {
			isa = XCBuildConfiguration;
			baseConfigurationReference = 60F483FF0F45F41974CDFE6F /* Pods-GBShop-GBShopUITests.release.xcconfig */;
			buildSettings = {
				ALWAYS_EMBED_SWIFT_STANDARD_LIBRARIES = YES;
				CODE_SIGN_STYLE = Automatic;
				DEVELOPMENT_TEAM = XHN97245U5;
				INFOPLIST_FILE = GBShopUITests/Info.plist;
				LD_RUNPATH_SEARCH_PATHS = (
					"$(inherited)",
					"@executable_path/Frameworks",
					"@loader_path/Frameworks",
				);
				PRODUCT_BUNDLE_IDENTIFIER = com.konstantinkuznetsov.GBShopUITests;
				PRODUCT_NAME = "$(TARGET_NAME)";
				SWIFT_VERSION = 5.0;
				TARGETED_DEVICE_FAMILY = "1,2";
				TEST_TARGET_NAME = GBShop;
			};
			name = Release;
		};
/* End XCBuildConfiguration section */

/* Begin XCConfigurationList section */
		A1B57E892684862A004096A0 /* Build configuration list for PBXProject "GBShop" */ = {
			isa = XCConfigurationList;
			buildConfigurations = (
				A1B57EB626848638004096A0 /* Debug */,
				A1B57EB726848638004096A0 /* Release */,
			);
			defaultConfigurationIsVisible = 0;
			defaultConfigurationName = Release;
		};
		A1B57EB826848638004096A0 /* Build configuration list for PBXNativeTarget "GBShop" */ = {
			isa = XCConfigurationList;
			buildConfigurations = (
				A1B57EB926848638004096A0 /* Debug */,
				A1B57EBA26848638004096A0 /* Release */,
			);
			defaultConfigurationIsVisible = 0;
			defaultConfigurationName = Release;
		};
		A1B57EBB26848638004096A0 /* Build configuration list for PBXNativeTarget "GBShopTests" */ = {
			isa = XCConfigurationList;
			buildConfigurations = (
				A1B57EBC26848638004096A0 /* Debug */,
				A1B57EBD26848638004096A0 /* Release */,
			);
			defaultConfigurationIsVisible = 0;
			defaultConfigurationName = Release;
		};
		A1B57EBE26848638004096A0 /* Build configuration list for PBXNativeTarget "GBShopUITests" */ = {
			isa = XCConfigurationList;
			buildConfigurations = (
				A1B57EBF26848638004096A0 /* Debug */,
				A1B57EC026848638004096A0 /* Release */,
			);
			defaultConfigurationIsVisible = 0;
			defaultConfigurationName = Release;
		};
/* End XCConfigurationList section */
	};
	rootObject = A1B57E862684862A004096A0 /* Project object */;
}
